
Microsoft Visual Studio Solution File, Format Version 12.00
# Visual Studio Version 17
VisualStudioVersion = 17.5.002.0
MinimumVisualStudioVersion = 10.0.40219.1
Project("{2150E333-8FDC-42A3-9474-1A3956D46DE8}") = "TouristCompany", "TouristCompany", "{48E5FB43-3907-4EC7-AB3E-AF186878819F}"
EndProject
Project("{9A19103F-16F7-4668-BE54-9A1E7A4F7556}") = "TouristCompany", "TouristCompany\TouristCompany\TouristCompany.csproj", "{C396A85D-7FB4-4BDB-A35F-4EA5FD0A5777}"
EndProject
Project("{9A19103F-16F7-4668-BE54-9A1E7A4F7556}") = "TouristCompany.Models", "TouristCompany\TouristCompany.Models\TouristCompany.Models.csproj", "{075D95D8-A933-4CD2-A801-84AC8F5CDF68}"
EndProject
Project("{9A19103F-16F7-4668-BE54-9A1E7A4F7556}") = "TouristCompany.Test", "TouristCompany\TouristCompany.Test\TouristCompany.Test.csproj", "{07E0B0C8-4805-4FFC-AF9E-88920D440334}"
EndProject
Global
	GlobalSection(SolutionConfigurationPlatforms) = preSolution
		Debug|Any CPU = Debug|Any CPU
		Release|Any CPU = Release|Any CPU
	EndGlobalSection
	GlobalSection(ProjectConfigurationPlatforms) = postSolution
		{C396A85D-7FB4-4BDB-A35F-4EA5FD0A5777}.Debug|Any CPU.ActiveCfg = Debug|Any CPU
		{C396A85D-7FB4-4BDB-A35F-4EA5FD0A5777}.Debug|Any CPU.Build.0 = Debug|Any CPU
		{C396A85D-7FB4-4BDB-A35F-4EA5FD0A5777}.Release|Any CPU.ActiveCfg = Release|Any CPU
		{C396A85D-7FB4-4BDB-A35F-4EA5FD0A5777}.Release|Any CPU.Build.0 = Release|Any CPU
		{075D95D8-A933-4CD2-A801-84AC8F5CDF68}.Debug|Any CPU.ActiveCfg = Debug|Any CPU
		{075D95D8-A933-4CD2-A801-84AC8F5CDF68}.Debug|Any CPU.Build.0 = Debug|Any CPU
		{075D95D8-A933-4CD2-A801-84AC8F5CDF68}.Release|Any CPU.ActiveCfg = Release|Any CPU
		{075D95D8-A933-4CD2-A801-84AC8F5CDF68}.Release|Any CPU.Build.0 = Release|Any CPU
		{07E0B0C8-4805-4FFC-AF9E-88920D440334}.Debug|Any CPU.ActiveCfg = Debug|Any CPU
		{07E0B0C8-4805-4FFC-AF9E-88920D440334}.Debug|Any CPU.Build.0 = Debug|Any CPU
		{07E0B0C8-4805-4FFC-AF9E-88920D440334}.Release|Any CPU.ActiveCfg = Release|Any CPU
		{07E0B0C8-4805-4FFC-AF9E-88920D440334}.Release|Any CPU.Build.0 = Release|Any CPU
	EndGlobalSection
	GlobalSection(SolutionProperties) = preSolution
		HideSolutionNode = FALSE
	EndGlobalSection
	GlobalSection(NestedProjects) = preSolution
		{C396A85D-7FB4-4BDB-A35F-4EA5FD0A5777} = {48E5FB43-3907-4EC7-AB3E-AF186878819F}
		{075D95D8-A933-4CD2-A801-84AC8F5CDF68} = {48E5FB43-3907-4EC7-AB3E-AF186878819F}
		{07E0B0C8-4805-4FFC-AF9E-88920D440334} = {48E5FB43-3907-4EC7-AB3E-AF186878819F}
	EndGlobalSection
	GlobalSection(ExtensibilityGlobals) = postSolution
		SolutionGuid = {A60486BB-AA1F-4785-B26B-4C48E7E7CE75}
	EndGlobalSection
EndGlobal
